
Microsoft Visual Studio Solution File, Format Version 12.00
# Visual Studio 15
VisualStudioVersion = 15.0.28010.2048
MinimumVisualStudioVersion = 10.0.40219.1
Project("{FAE04EC0-301F-11D3-BF4B-00C04F79EFBC}") = "GroupingDishes", "GroupingDishes\GroupingDishes.csproj", "{4A660A30-238D-41C7-80CE-F963E860FACC}"
EndProject
Global
	GlobalSection(SolutionConfigurationPlatforms) = preSolution
		Debug|Any CPU = Debug|Any CPU
		Release|Any CPU = Release|Any CPU
	EndGlobalSection
	GlobalSection(ProjectConfigurationPlatforms) = postSolution
		{4A660A30-238D-41C7-80CE-F963E860FACC}.Debug|Any CPU.ActiveCfg = Debug|Any CPU
		{4A660A30-238D-41C7-80CE-F963E860FACC}.Debug|Any CPU.Build.0 = Debug|Any CPU
		{4A660A30-238D-41C7-80CE-F963E860FACC}.Release|Any CPU.ActiveCfg = Release|Any CPU
		{4A660A30-238D-41C7-80CE-F963E860FACC}.Release|Any CPU.Build.0 = Release|Any CPU
	EndGlobalSection
	GlobalSection(SolutionProperties) = preSolution
		HideSolutionNode = FALSE
	EndGlobalSection
	GlobalSection(ExtensibilityGlobals) = postSolution
		SolutionGuid = {E0DC0EA7-1D66-49D3-8EB6-A2B0956D317C}
	EndGlobalSection
EndGlobal
